// !$*UTF8*$!
{
	archiveVersion = 1;
	classes = {
	};
	objectVersion = 60;
	objects = {


        120000000000000000000003 = {isa = PBXFileReference; lastKnownFileType = text.plist.xml; path = LaunchAgents/tsmc.glass.background.plist; sourceTree = "<group>"; };
        120000000000000000000006 = {isa = PBXBuildFile; fileRef = 120000000000000000000003; };
        12000000000000000000000C = {isa = PBXCopyFilesBuildPhase; buildActionMask = 2147483647; dstPath = Contents/Library/LaunchAgents; dstSubfolderSpec = 1; files = (120000000000000000000006, ); name = "Embed Launch Agent"; runOnlyForDeploymentPostprocessing = 0; };

/* Begin PBXBuildFile section */
		101000000000000000000001 /* GlassApp.swift in Sources */ = {isa = PBXBuildFile; fileRef = 102000000000000000000001 /* GlassApp.swift */; };
		10100000000000000000000E /* GlassMacPlatformIntegration.swift in Sources */ = {isa = PBXBuildFile; fileRef = 10200000000000000000000F /* GlassMacPlatformIntegration.swift */; };
		10100000000000000000000C /* LocalTransmissionSession.swift in Sources */ = {isa = PBXBuildFile; fileRef = 10200000000000000000000C /* LocalTransmissionSession.swift */; };
		10100000000000000000000D /* LocalTransmissionBridge.mm in Sources */ = {isa = PBXBuildFile; fileRef = 10200000000000000000000D /* LocalTransmissionBridge.mm */; };
		101000000000000000000008 /* GlassRemoteCore in Frameworks */ = {isa = PBXBuildFile; productRef = 10B000000000000000000002 /* GlassRemoteCore */; };
		101000000000000000000009 /* GlassRemoteUI in Frameworks */ = {isa = PBXBuildFile; productRef = 10B000000000000000000003 /* GlassRemoteUI */; };
		10100000000000000000000A /* Transmission.icon in Resources */ = {isa = PBXBuildFile; fileRef = 10200000000000000000000A /* Transmission.icon */; };
		10100000000000000000000B /* GlassRemoteServices in Frameworks */ = {isa = PBXBuildFile; productRef = 10B000000000000000000004 /* GlassRemoteServices */; };
		10100000000000000000000F /* Sparkle in Frameworks */ = {isa = PBXBuildFile; productRef = 10B000000000000000000005 /* Sparkle */; };
		101000000000000000000010 /* Appearance.xcassets in Resources */ = {isa = PBXBuildFile; fileRef = 102000000000000000000010 /* Appearance.xcassets */; };
/* End PBXBuildFile section */

/* Begin PBXFileReference section */
		102000000000000000000001 /* GlassApp.swift */ = {isa = PBXFileReference; lastKnownFileType = sourcecode.swift; path = GlassApp.swift; sourceTree = "<group>"; };
		10200000000000000000000F /* GlassMacPlatformIntegration.swift */ = {isa = PBXFileReference; lastKnownFileType = sourcecode.swift; path = GlassMacPlatformIntegration.swift; sourceTree = "<group>"; };
		10200000000000000000000B /* Glass-Bridging-Header.h */ = {isa = PBXFileReference; lastKnownFileType = sourcecode.c.h; path = "Glass-Bridging-Header.h"; sourceTree = "<group>"; };
		10200000000000000000000C /* LocalTransmissionSession.swift */ = {isa = PBXFileReference; lastKnownFileType = sourcecode.swift; path = LocalTransmissionSession.swift; sourceTree = "<group>"; };
		10200000000000000000000D /* LocalTransmissionBridge.mm */ = {isa = PBXFileReference; lastKnownFileType = sourcecode.cpp.objcpp; path = LocalTransmissionBridge.mm; sourceTree = "<group>"; };
		10200000000000000000000E /* LocalTransmissionBridge.h */ = {isa = PBXFileReference; lastKnownFileType = sourcecode.c.h; path = LocalTransmissionBridge.h; sourceTree = "<group>"; };
		102000000000000000000002 /* Models.swift */ = {isa = PBXFileReference; lastKnownFileType = sourcecode.swift; name = Models.swift; path = ../../Sources/GlassRemoteCore/Models.swift; sourceTree = "<group>"; };
		102000000000000000000003 /* ProfileStore.swift */ = {isa = PBXFileReference; lastKnownFileType = sourcecode.swift; name = ProfileStore.swift; path = ../../Sources/GlassRemoteCore/ProfileStore.swift; sourceTree = "<group>"; };
		102000000000000000000004 /* CredentialStore.swift */ = {isa = PBXFileReference; lastKnownFileType = sourcecode.swift; name = CredentialStore.swift; path = ../../Sources/GlassRemoteCore/CredentialStore.swift; sourceTree = "<group>"; };
		102000000000000000000005 /* TransmissionRPCClient.swift */ = {isa = PBXFileReference; lastKnownFileType = sourcecode.swift; name = TransmissionRPCClient.swift; path = ../../Sources/GlassRemoteCore/TransmissionRPCClient.swift; sourceTree = "<group>"; };
		102000000000000000000006 /* RemoteAppModel.swift */ = {isa = PBXFileReference; lastKnownFileType = sourcecode.swift; name = RemoteAppModel.swift; path = ../../Sources/GlassRemoteServices/RemoteAppModel.swift; sourceTree = "<group>"; };
		102000000000000000000007 /* GlassRootView.swift */ = {isa = PBXFileReference; lastKnownFileType = sourcecode.swift; name = GlassRootView.swift; path = ../../Sources/GlassRemoteUI/GlassRootView.swift; sourceTree = "<group>"; };
		102000000000000000000008 /* Info.plist */ = {isa = PBXFileReference; lastKnownFileType = text.plist.xml; path = Info.plist; sourceTree = "<group>"; };
		102000000000000000000009 /* Glass.app */ = {isa = PBXFileReference; explicitFileType = wrapper.application; includeInIndex = 0; path = Glass.app; sourceTree = BUILT_PRODUCTS_DIR; };
		10200000000000000000000A /* Transmission.icon */ = {isa = PBXFileReference; lastKnownFileType = folder.iconcomposer.icon; path = Transmission.icon; sourceTree = "<group>"; };
		102000000000000000000010 /* Appearance.xcassets */ = {isa = PBXFileReference; lastKnownFileType = folder.assetcatalog; path = Appearance.xcassets; sourceTree = "<group>"; };
/* End PBXFileReference section */

/* Begin PBXFrameworksBuildPhase section */
		103000000000000000000001 /* Frameworks */ = {
			isa = PBXFrameworksBuildPhase;
			buildActionMask = 2147483647;
			files = (
				101000000000000000000008 /* GlassRemoteCore in Frameworks */,
				10100000000000000000000B /* GlassRemoteServices in Frameworks */,
				101000000000000000000009 /* GlassRemoteUI in Frameworks */,
				10100000000000000000000F /* Sparkle in Frameworks */,
			);
			runOnlyForDeploymentPostprocessing = 0;
		};
/* End PBXFrameworksBuildPhase section */

/* Begin PBXGroup section */
		104000000000000000000001 = {
			isa = PBXGroup;
			children = (
				104000000000000000000002 /* Glass */,
				104000000000000000000003 /* Products */,
			);
			sourceTree = "<group>";
		};
		104000000000000000000002 /* Glass */ = {
			isa = PBXGroup;
			children = (
                120000000000000000000003,
				102000000000000000000001 /* GlassApp.swift */,
				10200000000000000000000F /* GlassMacPlatformIntegration.swift */,
				10200000000000000000000C /* LocalTransmissionSession.swift */,
				10200000000000000000000D /* LocalTransmissionBridge.mm */,
				10200000000000000000000E /* LocalTransmissionBridge.h */,
				10200000000000000000000B /* Glass-Bridging-Header.h */,
				102000000000000000000008 /* Info.plist */,
				10200000000000000000000A /* Transmission.icon */,
				102000000000000000000010 /* Appearance.xcassets */,
				104000000000000000000004 /* Shared Core */,
				104000000000000000000005 /* Shared UI */,
			);
			name = Glass;
			sourceTree = "<group>";
		};
		104000000000000000000003 /* Products */ = {
			isa = PBXGroup;
			children = (
				102000000000000000000009 /* Glass.app */,
			);
			name = Products;
			sourceTree = "<group>";
		};
		104000000000000000000004 /* Shared Core */ = {
			isa = PBXGroup;
			children = (
				102000000000000000000002 /* Models.swift */,
				102000000000000000000003 /* ProfileStore.swift */,
				102000000000000000000004 /* CredentialStore.swift */,
				102000000000000000000005 /* TransmissionRPCClient.swift */,
			);
			name = "Shared Core";
			sourceTree = "<group>";
		};
		104000000000000000000005 /* Shared UI */ = {
			isa = PBXGroup;
			children = (
				102000000000000000000006 /* RemoteAppModel.swift */,
				102000000000000000000007 /* GlassRootView.swift */,
			);
			name = "Shared UI";
			sourceTree = "<group>";
		};
/* End PBXGroup section */

/* Begin PBXNativeTarget section */
		105000000000000000000001 /* Glass */ = {
			isa = PBXNativeTarget;
			buildConfigurationList = 10A000000000000000000001 /* Build configuration list for PBXNativeTarget "Glass" */;
			buildPhases = (
				106000000000000000000002 /* Build libtransmission */,
				106000000000000000000001 /* Sources */,
				103000000000000000000001 /* Frameworks */,
				107000000000000000000001 /* Resources */,
                12000000000000000000000C,
			);
			buildRules = (
			);
			dependencies = (
			);
			name = Glass;
			packageProductDependencies = (
				10B000000000000000000002 /* GlassRemoteCore */,
				10B000000000000000000004 /* GlassRemoteServices */,
				10B000000000000000000003 /* GlassRemoteUI */,
				10B000000000000000000005 /* Sparkle */,
			);
			productName = Glass;
			productReference = 102000000000000000000009 /* Glass.app */;
			productType = "com.apple.product-type.application";
		};
/* End PBXNativeTarget section */

/* Begin PBXProject section */
		108000000000000000000001 /* Project object */ = {
			isa = PBXProject;
			attributes = {
				BuildIndependentTargetsInParallel = 1;
				LastSwiftUpdateCheck = 1700;
				LastUpgradeCheck = 1700;
				TargetAttributes = {
					105000000000000000000001 = {
						CreatedOnToolsVersion = 17.0;
					};
				};
			};
			buildConfigurationList = 10A000000000000000000002 /* Build configuration list for PBXProject "Glass" */;
			compatibilityVersion = "Xcode 15.0";
			developmentRegion = en;
			hasScannedForEncodings = 0;
			knownRegions = (
				en,
				Base,
			);
			mainGroup = 104000000000000000000001;
			packageReferences = (
				10B000000000000000000001 /* XCLocalSwiftPackageReference "../.." */,
				10C000000000000000000001 /* XCRemoteSwiftPackageReference "Sparkle" */,
			);
			productRefGroup = 104000000000000000000003 /* Products */;
			projectDirPath = "";
			projectRoot = "";
			targets = (
				105000000000000000000001 /* Glass */,
			);
		};
/* End PBXProject section */

/* Begin PBXResourcesBuildPhase section */
		107000000000000000000001 /* Resources */ = {
			isa = PBXResourcesBuildPhase;
			buildActionMask = 2147483647;
			files = (
				10100000000000000000000A /* Transmission.icon in Resources */,
				101000000000000000000010 /* Appearance.xcassets in Resources */,
			);
			runOnlyForDeploymentPostprocessing = 0;
		};
/* End PBXResourcesBuildPhase section */

/* Begin PBXShellScriptBuildPhase section */
		106000000000000000000002 /* Build libtransmission */ = {
			isa = PBXShellScriptBuildPhase;
			buildActionMask = 2147483647;
			files = (
			);
			inputFileListPaths = (
			);
			inputPaths = (
				"$(SRCROOT)/../../Vendor/transmission/REVISION",
				"$(SRCROOT)/../../Scripts/build-libtransmission.sh",
			);
			name = "Build libtransmission";
			outputFileListPaths = (
			);
			outputPaths = (
				"$(SRCROOT)/../../.build/libtransmission/$(CONFIGURATION)/install/lib/libGlassTransmission.a",
			);
			runOnlyForDeploymentPostprocessing = 0;
			shellPath = /bin/sh;
			shellScript = "\"${SRCROOT}/../../Scripts/build-libtransmission.sh\" \"${CONFIGURATION}\"";
		};
/* End PBXShellScriptBuildPhase section */

/* Begin PBXSourcesBuildPhase section */
		106000000000000000000001 /* Sources */ = {
			isa = PBXSourcesBuildPhase;
			buildActionMask = 2147483647;
			files = (
				101000000000000000000001 /* GlassApp.swift in Sources */,
				10100000000000000000000E /* GlassMacPlatformIntegration.swift in Sources */,
				10100000000000000000000C /* LocalTransmissionSession.swift in Sources */,
				10100000000000000000000D /* LocalTransmissionBridge.mm in Sources */,
			);
			runOnlyForDeploymentPostprocessing = 0;
		};
/* End PBXSourcesBuildPhase section */

/* Begin XCBuildConfiguration section */
		109000000000000000000001 /* Debug */ = {
			isa = XCBuildConfiguration;
			buildSettings = {
				ALWAYS_SEARCH_USER_PATHS = NO;
				CLANG_ANALYZER_NONNULL = YES;
				CLANG_ANALYZER_NUMBER_OBJECT_CONVERSION = YES_AGGRESSIVE;
				CLANG_CXX_LANGUAGE_STANDARD = "gnu++20";
				CLANG_ENABLE_MODULES = YES;
				CLANG_ENABLE_OBJC_ARC = YES;
				CLANG_ENABLE_OBJC_WEAK = YES;
				CLANG_WARN_BLOCK_CAPTURE_AUTORELEASING = YES;
				CLANG_WARN_BOOL_CONVERSION = YES;
				CLANG_WARN_COMMA = YES;
				CLANG_WARN_CONSTANT_CONVERSION = YES;
				CLANG_WARN_DEPRECATED_OBJC_IMPLEMENTATIONS = YES;
				CLANG_WARN_DIRECT_OBJC_ISA_USAGE = YES_ERROR;
				CLANG_WARN_DOCUMENTATION_COMMENTS = YES;
				CLANG_WARN_EMPTY_BODY = YES;
				CLANG_WARN_ENUM_CONVERSION = YES;
				CLANG_WARN_INFINITE_RECURSION = YES;
				CLANG_WARN_INT_CONVERSION = YES;
				CLANG_WARN_NON_LITERAL_NULL_CONVERSION = YES;
				CLANG_WARN_OBJC_IMPLICIT_RETAIN_SELF = YES;
				CLANG_WARN_OBJC_LITERAL_CONVERSION = YES;
				CLANG_WARN_OBJC_ROOT_CLASS = YES_ERROR;
				CLANG_WARN_QUOTED_INCLUDE_IN_FRAMEWORK_HEADER = YES;
				CLANG_WARN_RANGE_LOOP_ANALYSIS = YES;
				CLANG_WARN_STRICT_PROTOTYPES = YES;
				CLANG_WARN_SUSPICIOUS_MOVE = YES;
				CLANG_WARN_UNGUARDED_AVAILABILITY = YES_AGGRESSIVE;
				CLANG_WARN_UNREACHABLE_CODE = YES;
				CLANG_WARN__DUPLICATE_METHOD_MATCH = YES;
				COPY_PHASE_STRIP = NO;
				DEBUG_INFORMATION_FORMAT = dwarf;
				ENABLE_STRICT_OBJC_MSGSEND = YES;
				ENABLE_TESTABILITY = YES;
				ENABLE_USER_SCRIPT_SANDBOXING = YES;
				GCC_C_LANGUAGE_STANDARD = gnu17;
				GCC_DYNAMIC_NO_PIC = NO;
				GCC_NO_COMMON_BLOCKS = YES;
				GCC_OPTIMIZATION_LEVEL = 0;
				GCC_PREPROCESSOR_DEFINITIONS = (
					"DEBUG=1",
					"$(inherited)",
				);
				GCC_WARN_64_TO_32_BIT_CONVERSION = YES;
				GCC_WARN_ABOUT_RETURN_TYPE = YES_ERROR;
				GCC_WARN_UNDECLARED_SELECTOR = YES;
				GCC_WARN_UNINITIALIZED_AUTOS = YES_AGGRESSIVE;
				GCC_WARN_UNUSED_FUNCTION = YES;
				GCC_WARN_UNUSED_VARIABLE = YES;
				MACOSX_DEPLOYMENT_TARGET = 27.0;
				MTL_ENABLE_DEBUG_INFO = INCLUDE_SOURCE;
				MTL_FAST_MATH = YES;
				SDKROOT = macosx;
				SWIFT_ACTIVE_COMPILATION_CONDITIONS = DEBUG;
				SWIFT_OPTIMIZATION_LEVEL = "-Onone";
			};
			name = Debug;
		};
		109000000000000000000002 /* Release */ = {
			isa = XCBuildConfiguration;
			buildSettings = {
				ALWAYS_SEARCH_USER_PATHS = NO;
				CLANG_ANALYZER_NONNULL = YES;
				CLANG_ANALYZER_NUMBER_OBJECT_CONVERSION = YES_AGGRESSIVE;
				CLANG_CXX_LANGUAGE_STANDARD = "gnu++20";
				CLANG_ENABLE_MODULES = YES;
				CLANG_ENABLE_OBJC_ARC = YES;
				CLANG_ENABLE_OBJC_WEAK = YES;
				CLANG_WARN_BLOCK_CAPTURE_AUTORELEASING = YES;
				CLANG_WARN_BOOL_CONVERSION = YES;
				CLANG_WARN_COMMA = YES;
				CLANG_WARN_CONSTANT_CONVERSION = YES;
				CLANG_WARN_DEPRECATED_OBJC_IMPLEMENTATIONS = YES;
				CLANG_WARN_DIRECT_OBJC_ISA_USAGE = YES_ERROR;
				CLANG_WARN_DOCUMENTATION_COMMENTS = YES;
				CLANG_WARN_EMPTY_BODY = YES;
				CLANG_WARN_ENUM_CONVERSION = YES;
				CLANG_WARN_INFINITE_RECURSION = YES;
				CLANG_WARN_INT_CONVERSION = YES;
				CLANG_WARN_NON_LITERAL_NULL_CONVERSION = YES;
				CLANG_WARN_OBJC_IMPLICIT_RETAIN_SELF = YES;
				CLANG_WARN_OBJC_LITERAL_CONVERSION = YES;
				CLANG_WARN_OBJC_ROOT_CLASS = YES_ERROR;
				CLANG_WARN_QUOTED_INCLUDE_IN_FRAMEWORK_HEADER = YES;
				CLANG_WARN_RANGE_LOOP_ANALYSIS = YES;
				CLANG_WARN_STRICT_PROTOTYPES = YES;
				CLANG_WARN_SUSPICIOUS_MOVE = YES;
				CLANG_WARN_UNGUARDED_AVAILABILITY = YES_AGGRESSIVE;
				CLANG_WARN_UNREACHABLE_CODE = YES;
				CLANG_WARN__DUPLICATE_METHOD_MATCH = YES;
				COPY_PHASE_STRIP = NO;
				DEBUG_INFORMATION_FORMAT = "dwarf-with-dsym";
				ENABLE_NS_ASSERTIONS = NO;
				ENABLE_STRICT_OBJC_MSGSEND = YES;
				ENABLE_USER_SCRIPT_SANDBOXING = YES;
				GCC_C_LANGUAGE_STANDARD = gnu17;
				GCC_NO_COMMON_BLOCKS = YES;
				GCC_WARN_64_TO_32_BIT_CONVERSION = YES;
				GCC_WARN_ABOUT_RETURN_TYPE = YES_ERROR;
				GCC_WARN_UNDECLARED_SELECTOR = YES;
				GCC_WARN_UNINITIALIZED_AUTOS = YES_AGGRESSIVE;
				GCC_WARN_UNUSED_FUNCTION = YES;
				GCC_WARN_UNUSED_VARIABLE = YES;
				MACOSX_DEPLOYMENT_TARGET = 27.0;
				MTL_ENABLE_DEBUG_INFO = NO;
				MTL_FAST_MATH = YES;
				SDKROOT = macosx;
				SWIFT_COMPILATION_MODE = wholemodule;
				VALIDATE_PRODUCT = YES;
			};
			name = Release;
		};
		109000000000000000000003 /* Debug */ = {
			isa = XCBuildConfiguration;
			buildSettings = {
				ASSETCATALOG_COMPILER_APPICON_NAME = Transmission;
				ASSETCATALOG_COMPILER_GLOBAL_ACCENT_COLOR_NAME = AccentColor;
				CODE_SIGN_ENTITLEMENTS = ../../Resources/Glass.entitlements;
				CODE_SIGN_IDENTITY = "-";
				CODE_SIGN_STYLE = Automatic;
				GLASS_VERSION = 1.0;
				ENABLE_DEBUG_DYLIB = NO;
				ENABLE_USER_SCRIPT_SANDBOXING = NO;
				GENERATE_INFOPLIST_FILE = NO;
				HEADER_SEARCH_PATHS = (
					"$(SRCROOT)/../../Vendor/transmission/source",
					"$(SRCROOT)/../../Vendor/transmission/source/third-party/fmt/include",
					"$(SRCROOT)/../../Vendor/transmission/source/third-party/fast_float/include",
					"$(SRCROOT)/../../Vendor/transmission/source/third-party/rapidjson/include",
					"$(SRCROOT)/../../Vendor/transmission/source/third-party/sigslot/include",
					"$(SRCROOT)/../../Vendor/transmission/source/third-party/small/include",
					"$(SRCROOT)/../../Vendor/transmission/source/third-party/utfcpp/source",
					"$(SRCROOT)/../../Vendor/transmission/source/third-party/wide-integer",
					"$(SRCROOT)/../../.build/libtransmission/$(CONFIGURATION)/build",
				);
				INFOPLIST_FILE = Info.plist;
				LIBRARY_SEARCH_PATHS = "$(SRCROOT)/../../.build/libtransmission/$(CONFIGURATION)/install/lib";
				MACOSX_DEPLOYMENT_TARGET = 27.0;
				LD_RUNPATH_SEARCH_PATHS = (
					"$(inherited)",
					"@executable_path/../Frameworks",
				);

				OTHER_LDFLAGS = (
					"$(inherited)",
					"-lGlassTransmission",
					"-lcurl",
					"-lz",
					"-lbz2",
					"-liconv",
					"-lresolv",
					"-framework",
					SystemConfiguration,
					"-framework",
					Security,
					"-framework",
					CoreFoundation,
				);
				PRODUCT_BUNDLE_IDENTIFIER = tsmc.glass;
				PRODUCT_NAME = Glass;
				SDKROOT = macosx;
				SUPPORTED_PLATFORMS = macosx;
				SWIFT_EMIT_LOC_STRINGS = YES;
				SWIFT_OBJC_BRIDGING_HEADER = "Glass-Bridging-Header.h";
				SWIFT_VERSION = 6.0;
			};
			name = Debug;
		};
		109000000000000000000004 /* Release */ = {
			isa = XCBuildConfiguration;
			buildSettings = {
				ASSETCATALOG_COMPILER_APPICON_NAME = Transmission;
				ASSETCATALOG_COMPILER_GLOBAL_ACCENT_COLOR_NAME = AccentColor;
				CODE_SIGN_ENTITLEMENTS = ../../Resources/Glass.entitlements;
				CODE_SIGN_IDENTITY = "-";
				CODE_SIGN_STYLE = Automatic;
				GLASS_VERSION = 1.0;
				ENABLE_DEBUG_DYLIB = NO;
				ENABLE_USER_SCRIPT_SANDBOXING = NO;
				GENERATE_INFOPLIST_FILE = NO;
				HEADER_SEARCH_PATHS = (
					"$(SRCROOT)/../../Vendor/transmission/source",
					"$(SRCROOT)/../../Vendor/transmission/source/third-party/fmt/include",
					"$(SRCROOT)/../../Vendor/transmission/source/third-party/fast_float/include",
					"$(SRCROOT)/../../Vendor/transmission/source/third-party/rapidjson/include",
					"$(SRCROOT)/../../Vendor/transmission/source/third-party/sigslot/include",
					"$(SRCROOT)/../../Vendor/transmission/source/third-party/small/include",
					"$(SRCROOT)/../../Vendor/transmission/source/third-party/utfcpp/source",
					"$(SRCROOT)/../../Vendor/transmission/source/third-party/wide-integer",
					"$(SRCROOT)/../../.build/libtransmission/$(CONFIGURATION)/build",
				);
				INFOPLIST_FILE = Info.plist;
				LIBRARY_SEARCH_PATHS = "$(SRCROOT)/../../.build/libtransmission/$(CONFIGURATION)/install/lib";
				MACOSX_DEPLOYMENT_TARGET = 27.0;
				LD_RUNPATH_SEARCH_PATHS = (
					"$(inherited)",
					"@executable_path/../Frameworks",
				);

				OTHER_LDFLAGS = (
					"$(inherited)",
					"-lGlassTransmission",
					"-lcurl",
					"-lz",
					"-lbz2",
					"-liconv",
					"-lresolv",
					"-framework",
					SystemConfiguration,
					"-framework",
					Security,
					"-framework",
					CoreFoundation,
				);
				PRODUCT_BUNDLE_IDENTIFIER = tsmc.glass;
				PRODUCT_NAME = Glass;
				SDKROOT = macosx;
				SUPPORTED_PLATFORMS = macosx;
				SWIFT_EMIT_LOC_STRINGS = YES;
				SWIFT_OBJC_BRIDGING_HEADER = "Glass-Bridging-Header.h";
				SWIFT_VERSION = 6.0;
				VALIDATE_PRODUCT = YES;
			};
			name = Release;
		};
/* End XCBuildConfiguration section */

/* Begin XCConfigurationList section */
		10A000000000000000000001 /* Build configuration list for PBXNativeTarget "Glass" */ = {
			isa = XCConfigurationList;
			buildConfigurations = (
				109000000000000000000003 /* Debug */,
				109000000000000000000004 /* Release */,
			);
			defaultConfigurationIsVisible = 0;
			defaultConfigurationName = Release;
		};
		10A000000000000000000002 /* Build configuration list for PBXProject "Glass" */ = {
			isa = XCConfigurationList;
			buildConfigurations = (
				109000000000000000000001 /* Debug */,
				109000000000000000000002 /* Release */,
			);
			defaultConfigurationIsVisible = 0;
			defaultConfigurationName = Release;
		};
/* End XCConfigurationList section */

/* Begin XCLocalSwiftPackageReference section */
		10B000000000000000000001 /* XCLocalSwiftPackageReference "../.." */ = {
			isa = XCLocalSwiftPackageReference;
			relativePath = ../..;
		};
/* End XCLocalSwiftPackageReference section */

/* Begin XCRemoteSwiftPackageReference section */
		10C000000000000000000001 /* XCRemoteSwiftPackageReference "Sparkle" */ = {
			isa = XCRemoteSwiftPackageReference;
			repositoryURL = "https://github.com/sparkle-project/Sparkle";
			requirement = {
				kind = upToNextMajorVersion;
				minimumVersion = 2.10.0;
			};
		};
/* End XCRemoteSwiftPackageReference section */

/* Begin XCSwiftPackageProductDependency section */
		10B000000000000000000002 /* GlassRemoteCore */ = {
			isa = XCSwiftPackageProductDependency;
			package = 10B000000000000000000001 /* XCLocalSwiftPackageReference "../.." */;
			productName = GlassRemoteCore;
		};
		10B000000000000000000003 /* GlassRemoteUI */ = {
			isa = XCSwiftPackageProductDependency;
			package = 10B000000000000000000001 /* XCLocalSwiftPackageReference "../.." */;
			productName = GlassRemoteUI;
		};
		10B000000000000000000004 /* GlassRemoteServices */ = {
			isa = XCSwiftPackageProductDependency;
			package = 10B000000000000000000001 /* XCLocalSwiftPackageReference "../.." */;
			productName = GlassRemoteServices;
		};
		10B000000000000000000005 /* Sparkle */ = {
			isa = XCSwiftPackageProductDependency;
			package = 10C000000000000000000001 /* XCRemoteSwiftPackageReference "Sparkle" */;
			productName = Sparkle;
		};
/* End XCSwiftPackageProductDependency section */
	};
	rootObject = 108000000000000000000001 /* Project object */;
}
